
Microsoft Visual Studio Solution File, Format Version 12.00
# Visual Studio Version 16
VisualStudioVersion = 16.0.31025.194
MinimumVisualStudioVersion = 10.0.40219.1
Project("{FAE04EC0-301F-11D3-BF4B-00C04F79EFBC}") = "MISACukCuk", "MISACukCuk\MISACukCuk.csproj", "{C474B4CF-8EF5-49B2-A7AC-10314C61CE22}"
EndProject
Global
	GlobalSection(SolutionConfigurationPlatforms) = preSolution
		Debug|Any CPU = Debug|Any CPU
		Release|Any CPU = Release|Any CPU
	EndGlobalSection
	GlobalSection(ProjectConfigurationPlatforms) = postSolution
		{C474B4CF-8EF5-49B2-A7AC-10314C61CE22}.Debug|Any CPU.ActiveCfg = Debug|Any CPU
		{C474B4CF-8EF5-49B2-A7AC-10314C61CE22}.Debug|Any CPU.Build.0 = Debug|Any CPU
		{C474B4CF-8EF5-49B2-A7AC-10314C61CE22}.Release|Any CPU.ActiveCfg = Release|Any CPU
		{C474B4CF-8EF5-49B2-A7AC-10314C61CE22}.Release|Any CPU.Build.0 = Release|Any CPU
	EndGlobalSection
	GlobalSection(SolutionProperties) = preSolution
		HideSolutionNode = FALSE
	EndGlobalSection
	GlobalSection(ExtensibilityGlobals) = postSolution
		SolutionGuid = {04555BA2-D7A9-4363-B0AF-C6A6750112EB}
	EndGlobalSection
EndGlobal
